
Microsoft Visual Studio Solution File, Format Version 12.00
# Visual Studio Version 16
VisualStudioVersion = 16.0.29102.190
MinimumVisualStudioVersion = 10.0.40219.1
Project("{FAE04EC0-301F-11D3-BF4B-00C04F79EFBC}") = "ProjetUn", "ProjetUn\ProjetUn.csproj", "{A6DBCCE6-EAC2-4F44-AE93-B66655B96F59}"
EndProject
Global
	GlobalSection(SolutionConfigurationPlatforms) = preSolution
		Debug|Any CPU = Debug|Any CPU
		Release|Any CPU = Release|Any CPU
	EndGlobalSection
	GlobalSection(ProjectConfigurationPlatforms) = postSolution
		{A6DBCCE6-EAC2-4F44-AE93-B66655B96F59}.Debug|Any CPU.ActiveCfg = Debug|Any CPU
		{A6DBCCE6-EAC2-4F44-AE93-B66655B96F59}.Debug|Any CPU.Build.0 = Debug|Any CPU
		{A6DBCCE6-EAC2-4F44-AE93-B66655B96F59}.Release|Any CPU.ActiveCfg = Release|Any CPU
		{A6DBCCE6-EAC2-4F44-AE93-B66655B96F59}.Release|Any CPU.Build.0 = Release|Any CPU
	EndGlobalSection
	GlobalSection(SolutionProperties) = preSolution
		HideSolutionNode = FALSE
	EndGlobalSection
	GlobalSection(ExtensibilityGlobals) = postSolution
		SolutionGuid = {607B35B9-FB61-48F7-A993-EB7BEE8DF903}
	EndGlobalSection
EndGlobal
